// !$*UTF8*$!
{
	archiveVersion = 1;
	classes = {
	};
	objectVersion = 46;
	objects = {

/* Begin PBXBuildFile section */
		B163C0831A94B39600470EF6 /* solve_me_second.cc in Sources */ = {isa = PBXBuildFile; fileRef = B163C0821A94B39600470EF6 /* solve_me_second.cc */; };
		B163C08F1A94C63700470EF6 /* flipping_bits.cc in Sources */ = {isa = PBXBuildFile; fileRef = B163C08E1A94C63700470EF6 /* flipping_bits.cc */; };
		B163C09B1A94CF1B00470EF6 /* alternating_characters.cpp in Sources */ = {isa = PBXBuildFile; fileRef = B163C09A1A94CF1B00470EF6 /* alternating_characters.cpp */; };
		B18462761A92733D00ECC205 /* lonely-integer.cc in Sources */ = {isa = PBXBuildFile; fileRef = B18462751A92733D00ECC205 /* lonely-integer.cc */; };
/* End PBXBuildFile section */

/* Begin PBXCopyFilesBuildPhase section */
		B163C07E1A94B39600470EF6 /* CopyFiles */ = {
			isa = PBXCopyFilesBuildPhase;
			buildActionMask = 2147483647;
			dstPath = /usr/share/man/man1/;
			dstSubfolderSpec = 0;
			files = (
			);
			runOnlyForDeploymentPostprocessing = 1;
		};
		B163C08A1A94C63600470EF6 /* CopyFiles */ = {
			isa = PBXCopyFilesBuildPhase;
			buildActionMask = 2147483647;
			dstPath = /usr/share/man/man1/;
			dstSubfolderSpec = 0;
			files = (
			);
			runOnlyForDeploymentPostprocessing = 1;
		};
		B163C0961A94CF1B00470EF6 /* CopyFiles */ = {
			isa = PBXCopyFilesBuildPhase;
			buildActionMask = 2147483647;
			dstPath = /usr/share/man/man1/;
			dstSubfolderSpec = 0;
			files = (
			);
			runOnlyForDeploymentPostprocessing = 1;
		};
		B16E63B61A90E08D00E6BD6B /* CopyFiles */ = {
			isa = PBXCopyFilesBuildPhase;
			buildActionMask = 2147483647;
			dstPath = /usr/share/man/man1/;
			dstSubfolderSpec = 0;
			files = (
			);
			runOnlyForDeploymentPostprocessing = 1;
		};
		B184626C1A9272E000ECC205 /* CopyFiles */ = {
			isa = PBXCopyFilesBuildPhase;
			buildActionMask = 2147483647;
			dstPath = /usr/share/man/man1/;
			dstSubfolderSpec = 0;
			files = (
			);
			runOnlyForDeploymentPostprocessing = 1;
		};
/* End PBXCopyFilesBuildPhase section */

/* Begin PBXFileReference section */
		B163C07B1A94B2BE00470EF6 /* solve-me-second-English.pdf */ = {isa = PBXFileReference; lastKnownFileType = image.pdf; name = "solve-me-second-English.pdf"; path = "../src/solve-me-second-English.pdf"; sourceTree = "<group>"; };
		B163C0801A94B39600470EF6 /* Solve Me Second */ = {isa = PBXFileReference; explicitFileType = "compiled.mach-o.executable"; includeInIndex = 0; path = "Solve Me Second"; sourceTree = BUILT_PRODUCTS_DIR; };
		B163C0821A94B39600470EF6 /* solve_me_second.cc */ = {isa = PBXFileReference; lastKnownFileType = sourcecode.cpp.cpp; name = solve_me_second.cc; path = "../../../Solve Me Second/solve_me_second.cc"; sourceTree = "<group>"; };
		B163C0871A94C61C00470EF6 /* flipping-bits-English.pdf */ = {isa = PBXFileReference; lastKnownFileType = image.pdf; path = "flipping-bits-English.pdf"; sourceTree = "<group>"; };
		B163C08C1A94C63600470EF6 /* Flipping Bits */ = {isa = PBXFileReference; explicitFileType = "compiled.mach-o.executable"; includeInIndex = 0; path = "Flipping Bits"; sourceTree = BUILT_PRODUCTS_DIR; };
		B163C08E1A94C63700470EF6 /* flipping_bits.cc */ = {isa = PBXFileReference; lastKnownFileType = sourcecode.cpp.cpp; name = flipping_bits.cc; path = "../../../Flipping Bits/flipping_bits.cc"; sourceTree = "<group>"; };
		B163C0931A94CEFB00470EF6 /* alternating-characters-English.pdf */ = {isa = PBXFileReference; lastKnownFileType = image.pdf; path = "alternating-characters-English.pdf"; sourceTree = "<group>"; };
		B163C0981A94CF1B00470EF6 /* Alternating Characters */ = {isa = PBXFileReference; explicitFileType = "compiled.mach-o.executable"; includeInIndex = 0; path = "Alternating Characters"; sourceTree = BUILT_PRODUCTS_DIR; };
		B163C09A1A94CF1B00470EF6 /* alternating_characters.cpp */ = {isa = PBXFileReference; lastKnownFileType = sourcecode.cpp.cpp; name = alternating_characters.cpp; path = "../../../Alternating Characters/alternating_characters.cpp"; sourceTree = "<group>"; };
		B16E63B81A90E08D00E6BD6B /* Solve Me First */ = {isa = PBXFileReference; explicitFileType = "compiled.mach-o.executable"; includeInIndex = 0; path = "Solve Me First"; sourceTree = BUILT_PRODUCTS_DIR; };
		B16E63BA1A90E08D00E6BD6B /* solve_me_first.cc */ = {isa = PBXFileReference; lastKnownFileType = sourcecode.cpp.cpp; path = solve_me_first.cc; sourceTree = "<group>"; };
		B16E63D31A9119FE00E6BD6B /* solve-me-first-English.pdf */ = {isa = PBXFileReference; lastKnownFileType = image.pdf; path = "solve-me-first-English.pdf"; sourceTree = "<group>"; };
		B18462691A92728500ECC205 /* lonely-integer-English.pdf */ = {isa = PBXFileReference; lastKnownFileType = image.pdf; path = "lonely-integer-English.pdf"; sourceTree = "<group>"; };
		B184626E1A9272E000ECC205 /* Lonely Integer */ = {isa = PBXFileReference; explicitFileType = "compiled.mach-o.executable"; includeInIndex = 0; path = "Lonely Integer"; sourceTree = BUILT_PRODUCTS_DIR; };
		B18462751A92733D00ECC205 /* lonely-integer.cc */ = {isa = PBXFileReference; fileEncoding = 4; lastKnownFileType = sourcecode.cpp.cpp; path = "lonely-integer.cc"; sourceTree = "<group>"; };
/* End PBXFileReference section */

/* Begin PBXFrameworksBuildPhase section */
		B163C07D1A94B39600470EF6 /* Frameworks */ = {
			isa = PBXFrameworksBuildPhase;
			buildActionMask = 2147483647;
			files = (
			);
			runOnlyForDeploymentPostprocessing = 0;
		};
		B163C0891A94C63600470EF6 /* Frameworks */ = {
			isa = PBXFrameworksBuildPhase;
			buildActionMask = 2147483647;
			files = (
			);
			runOnlyForDeploymentPostprocessing = 0;
		};
		B163C0951A94CF1B00470EF6 /* Frameworks */ = {
			isa = PBXFrameworksBuildPhase;
			buildActionMask = 2147483647;
			files = (
			);
			runOnlyForDeploymentPostprocessing = 0;
		};
		B16E63B51A90E08D00E6BD6B /* Frameworks */ = {
			isa = PBXFrameworksBuildPhase;
			buildActionMask = 2147483647;
			files = (
			);
			runOnlyForDeploymentPostprocessing = 0;
		};
		B184626B1A9272E000ECC205 /* Frameworks */ = {
			isa = PBXFrameworksBuildPhase;
			buildActionMask = 2147483647;
			files = (
			);
			runOnlyForDeploymentPostprocessing = 0;
		};
/* End PBXFrameworksBuildPhase section */

/* Begin PBXGroup section */
		B16E63B91A90E08D00E6BD6B /* algorithms */ = {
			isa = PBXGroup;
			children = (
				B16E63BF1A90E10000E6BD6B /* 1_warmup */,
			);
			path = algorithms;
			sourceTree = "<group>";
		};
		B16E63BF1A90E10000E6BD6B /* 1_warmup */ = {
			isa = PBXGroup;
			children = (
				B16E63C21A90E97300E6BD6B /* problems */,
				B16E63C01A90E95A00E6BD6B /* src */,
			);
			path = 1_warmup;
			sourceTree = "<group>";
		};
		B16E63C01A90E95A00E6BD6B /* src */ = {
			isa = PBXGroup;
			children = (
				B16E63BA1A90E08D00E6BD6B /* solve_me_first.cc */,
				B163C0821A94B39600470EF6 /* solve_me_second.cc */,
				B18462751A92733D00ECC205 /* lonely-integer.cc */,
				B163C08E1A94C63700470EF6 /* flipping_bits.cc */,
				B163C09A1A94CF1B00470EF6 /* alternating_characters.cpp */,
			);
			path = src;
			sourceTree = "<group>";
		};
		B16E63C21A90E97300E6BD6B /* problems */ = {
			isa = PBXGroup;
			children = (
				B163C07B1A94B2BE00470EF6 /* solve-me-second-English.pdf */,
				B18462691A92728500ECC205 /* lonely-integer-English.pdf */,
				B16E63D31A9119FE00E6BD6B /* solve-me-first-English.pdf */,
				B163C0871A94C61C00470EF6 /* flipping-bits-English.pdf */,
				B163C0931A94CEFB00470EF6 /* alternating-characters-English.pdf */,
			);
			path = problems;
			sourceTree = "<group>";
		};
		B1A6CEDA1A90DC630009C290 = {
			isa = PBXGroup;
			children = (
				B16E63B91A90E08D00E6BD6B /* algorithms */,
				B1A6CEE41A90DC630009C290 /* Products */,
			);
			indentWidth = 2;
			sourceTree = "<group>";
			tabWidth = 2;
		};
		B1A6CEE41A90DC630009C290 /* Products */ = {
			isa = PBXGroup;
			children = (
				B16E63B81A90E08D00E6BD6B /* Solve Me First */,
				B184626E1A9272E000ECC205 /* Lonely Integer */,
				B163C0801A94B39600470EF6 /* Solve Me Second */,
				B163C08C1A94C63600470EF6 /* Flipping Bits */,
				B163C0981A94CF1B00470EF6 /* Alternating Characters */,
			);
			name = Products;
			sourceTree = "<group>";
		};
/* End PBXGroup section */

/* Begin PBXNativeTarget section */
		B163C07F1A94B39600470EF6 /* Solve Me Second */ = {
			isa = PBXNativeTarget;
			buildConfigurationList = B163C0841A94B39600470EF6 /* Build configuration list for PBXNativeTarget "Solve Me Second" */;
			buildPhases = (
				B163C07C1A94B39600470EF6 /* Sources */,
				B163C07D1A94B39600470EF6 /* Frameworks */,
				B163C07E1A94B39600470EF6 /* CopyFiles */,
			);
			buildRules = (
			);
			dependencies = (
			);
			name = "Solve Me Second";
			productName = "Solve Me Second";
			productReference = B163C0801A94B39600470EF6 /* Solve Me Second */;
			productType = "com.apple.product-type.tool";
		};
		B163C08B1A94C63600470EF6 /* Flipping Bits */ = {
			isa = PBXNativeTarget;
			buildConfigurationList = B163C0901A94C63700470EF6 /* Build configuration list for PBXNativeTarget "Flipping Bits" */;
			buildPhases = (
				B163C0881A94C63600470EF6 /* Sources */,
				B163C0891A94C63600470EF6 /* Frameworks */,
				B163C08A1A94C63600470EF6 /* CopyFiles */,
			);
			buildRules = (
			);
			dependencies = (
			);
			name = "Flipping Bits";
			productName = "Flipping Bits";
			productReference = B163C08C1A94C63600470EF6 /* Flipping Bits */;
			productType = "com.apple.product-type.tool";
		};
		B163C0971A94CF1B00470EF6 /* Alternating Characters */ = {
			isa = PBXNativeTarget;
			buildConfigurationList = B163C09C1A94CF1B00470EF6 /* Build configuration list for PBXNativeTarget "Alternating Characters" */;
			buildPhases = (
				B163C0941A94CF1B00470EF6 /* Sources */,
				B163C0951A94CF1B00470EF6 /* Frameworks */,
				B163C0961A94CF1B00470EF6 /* CopyFiles */,
			);
			buildRules = (
			);
			dependencies = (
			);
			name = "Alternating Characters";
			productName = "Alternating Characters";
			productReference = B163C0981A94CF1B00470EF6 /* Alternating Characters */;
			productType = "com.apple.product-type.tool";
		};
		B16E63B71A90E08D00E6BD6B /* Solve Me First */ = {
			isa = PBXNativeTarget;
			buildConfigurationList = B16E63BC1A90E08D00E6BD6B /* Build configuration list for PBXNativeTarget "Solve Me First" */;
			buildPhases = (
				B16E63B41A90E08D00E6BD6B /* Sources */,
				B16E63B51A90E08D00E6BD6B /* Frameworks */,
				B16E63B61A90E08D00E6BD6B /* CopyFiles */,
			);
			buildRules = (
			);
			dependencies = (
			);
			name = "Solve Me First";
			productName = "Solve Me First";
			productReference = B16E63B81A90E08D00E6BD6B /* Solve Me First */;
			productType = "com.apple.product-type.tool";
		};
		B184626D1A9272E000ECC205 /* Lonely Integer */ = {
			isa = PBXNativeTarget;
			buildConfigurationList = B18462721A9272E000ECC205 /* Build configuration list for PBXNativeTarget "Lonely Integer" */;
			buildPhases = (
				B184626A1A9272E000ECC205 /* Sources */,
				B184626B1A9272E000ECC205 /* Frameworks */,
				B184626C1A9272E000ECC205 /* CopyFiles */,
			);
			buildRules = (
			);
			dependencies = (
			);
			name = "Lonely Integer";
			productName = "Lonely Integer";
			productReference = B184626E1A9272E000ECC205 /* Lonely Integer */;
			productType = "com.apple.product-type.tool";
		};
/* End PBXNativeTarget section */

/* Begin PBXProject section */
		B1A6CEDB1A90DC630009C290 /* Project object */ = {
			isa = PBXProject;
			attributes = {
				LastUpgradeCheck = 0610;
				ORGANIZATIONNAME = "Ulysses Bonfim";
				TargetAttributes = {
					B163C07F1A94B39600470EF6 = {
						CreatedOnToolsVersion = 6.1.1;
					};
					B163C08B1A94C63600470EF6 = {
						CreatedOnToolsVersion = 6.1.1;
					};
					B163C0971A94CF1B00470EF6 = {
						CreatedOnToolsVersion = 6.1.1;
					};
					B16E63B71A90E08D00E6BD6B = {
						CreatedOnToolsVersion = 6.1.1;
					};
					B184626D1A9272E000ECC205 = {
						CreatedOnToolsVersion = 6.1.1;
					};
				};
			};
			buildConfigurationList = B1A6CEDE1A90DC630009C290 /* Build configuration list for PBXProject "HackerRankC++" */;
			compatibilityVersion = "Xcode 3.2";
			developmentRegion = English;
			hasScannedForEncodings = 0;
			knownRegions = (
				en,
			);
			mainGroup = B1A6CEDA1A90DC630009C290;
			productRefGroup = B1A6CEE41A90DC630009C290 /* Products */;
			projectDirPath = "";
			projectRoot = "";
			targets = (
				B16E63B71A90E08D00E6BD6B /* Solve Me First */,
				B184626D1A9272E000ECC205 /* Lonely Integer */,
				B163C07F1A94B39600470EF6 /* Solve Me Second */,
				B163C08B1A94C63600470EF6 /* Flipping Bits */,
				B163C0971A94CF1B00470EF6 /* Alternating Characters */,
			);
		};
/* End PBXProject section */

/* Begin PBXSourcesBuildPhase section */
		B163C07C1A94B39600470EF6 /* Sources */ = {
			isa = PBXSourcesBuildPhase;
			buildActionMask = 2147483647;
			files = (
				B163C0831A94B39600470EF6 /* solve_me_second.cc in Sources */,
			);
			runOnlyForDeploymentPostprocessing = 0;
		};
		B163C0881A94C63600470EF6 /* Sources */ = {
			isa = PBXSourcesBuildPhase;
			buildActionMask = 2147483647;
			files = (
				B163C08F1A94C63700470EF6 /* flipping_bits.cc in Sources */,
			);
			runOnlyForDeploymentPostprocessing = 0;
		};
		B163C0941A94CF1B00470EF6 /* Sources */ = {
			isa = PBXSourcesBuildPhase;
			buildActionMask = 2147483647;
			files = (
				B163C09B1A94CF1B00470EF6 /* alternating_characters.cpp in Sources */,
			);
			runOnlyForDeploymentPostprocessing = 0;
		};
		B16E63B41A90E08D00E6BD6B /* Sources */ = {
			isa = PBXSourcesBuildPhase;
			buildActionMask = 2147483647;
			files = (
				B18462761A92733D00ECC205 /* lonely-integer.cc in Sources */,
			);
			runOnlyForDeploymentPostprocessing = 0;
		};
		B184626A1A9272E000ECC205 /* Sources */ = {
			isa = PBXSourcesBuildPhase;
			buildActionMask = 2147483647;
			files = (
			);
			runOnlyForDeploymentPostprocessing = 0;
		};
/* End PBXSourcesBuildPhase section */

/* Begin XCBuildConfiguration section */
		B163C0851A94B39600470EF6 /* Debug */ = {
			isa = XCBuildConfiguration;
			buildSettings = {
				CLANG_CXX_LANGUAGE_STANDARD = "gnu++0x";
				GCC_PREPROCESSOR_DEFINITIONS = (
					"DEBUG=1",
					"$(inherited)",
				);
				PRODUCT_NAME = "$(TARGET_NAME)";
			};
			name = Debug;
		};
		B163C0861A94B39600470EF6 /* Release */ = {
			isa = XCBuildConfiguration;
			buildSettings = {
				CLANG_CXX_LANGUAGE_STANDARD = "gnu++0x";
				PRODUCT_NAME = "$(TARGET_NAME)";
			};
			name = Release;
		};
		B163C0911A94C63700470EF6 /* Debug */ = {
			isa = XCBuildConfiguration;
			buildSettings = {
				CLANG_CXX_LANGUAGE_STANDARD = "gnu++0x";
				GCC_PREPROCESSOR_DEFINITIONS = (
					"DEBUG=1",
					"$(inherited)",
				);
				PRODUCT_NAME = "$(TARGET_NAME)";
			};
			name = Debug;
		};
		B163C0921A94C63700470EF6 /* Release */ = {
			isa = XCBuildConfiguration;
			buildSettings = {
				CLANG_CXX_LANGUAGE_STANDARD = "gnu++0x";
				PRODUCT_NAME = "$(TARGET_NAME)";
			};
			name = Release;
		};
		B163C09D1A94CF1B00470EF6 /* Debug */ = {
			isa = XCBuildConfiguration;
			buildSettings = {
				CLANG_CXX_LANGUAGE_STANDARD = "gnu++0x";
				GCC_PREPROCESSOR_DEFINITIONS = (
					"DEBUG=1",
					"$(inherited)",
				);
				PRODUCT_NAME = "$(TARGET_NAME)";
			};
			name = Debug;
		};
		B163C09E1A94CF1B00470EF6 /* Release */ = {
			isa = XCBuildConfiguration;
			buildSettings = {
				CLANG_CXX_LANGUAGE_STANDARD = "gnu++0x";
				PRODUCT_NAME = "$(TARGET_NAME)";
			};
			name = Release;
		};
		B16E63BD1A90E08D00E6BD6B /* Debug */ = {
			isa = XCBuildConfiguration;
			buildSettings = {
				GCC_PREPROCESSOR_DEFINITIONS = (
					"DEBUG=1",
					"$(inherited)",
				);
				PRODUCT_NAME = "$(TARGET_NAME)";
			};
			name = Debug;
		};
		B16E63BE1A90E08D00E6BD6B /* Release */ = {
			isa = XCBuildConfiguration;
			buildSettings = {
				PRODUCT_NAME = "$(TARGET_NAME)";
			};
			name = Release;
		};
		B18462731A9272E000ECC205 /* Debug */ = {
			isa = XCBuildConfiguration;
			buildSettings = {
				GCC_PREPROCESSOR_DEFINITIONS = (
					"DEBUG=1",
					"$(inherited)",
				);
				PRODUCT_NAME = "$(TARGET_NAME)";
			};
			name = Debug;
		};
		B18462741A9272E000ECC205 /* Release */ = {
			isa = XCBuildConfiguration;
			buildSettings = {
				PRODUCT_NAME = "$(TARGET_NAME)";
			};
			name = Release;
		};
		B1A6CEE81A90DC630009C290 /* Debug */ = {
			isa = XCBuildConfiguration;
			buildSettings = {
				ALWAYS_SEARCH_USER_PATHS = NO;
				CLANG_CXX_LANGUAGE_STANDARD = "c++0x";
				CLANG_CXX_LIBRARY = "libc++";
				CLANG_ENABLE_MODULES = YES;
				CLANG_ENABLE_OBJC_ARC = YES;
				CLANG_WARN_BOOL_CONVERSION = YES;
				CLANG_WARN_CONSTANT_CONVERSION = YES;
				CLANG_WARN_DIRECT_OBJC_ISA_USAGE = YES_ERROR;
				CLANG_WARN_EMPTY_BODY = YES;
				CLANG_WARN_ENUM_CONVERSION = YES;
				CLANG_WARN_INT_CONVERSION = YES;
				CLANG_WARN_OBJC_ROOT_CLASS = YES_ERROR;
				CLANG_WARN_UNREACHABLE_CODE = YES;
				CLANG_WARN__DUPLICATE_METHOD_MATCH = YES;
				COPY_PHASE_STRIP = NO;
				ENABLE_STRICT_OBJC_MSGSEND = YES;
				GCC_C_LANGUAGE_STANDARD = gnu99;
				GCC_DYNAMIC_NO_PIC = NO;
				GCC_OPTIMIZATION_LEVEL = 0;
				GCC_PREPROCESSOR_DEFINITIONS = (
					"DEBUG=1",
					"$(inherited)",
				);
				GCC_SYMBOLS_PRIVATE_EXTERN = NO;
				GCC_WARN_64_TO_32_BIT_CONVERSION = YES;
				GCC_WARN_ABOUT_RETURN_TYPE = YES_ERROR;
				GCC_WARN_UNDECLARED_SELECTOR = YES;
				GCC_WARN_UNINITIALIZED_AUTOS = YES_AGGRESSIVE;
				GCC_WARN_UNUSED_FUNCTION = YES;
				GCC_WARN_UNUSED_VARIABLE = YES;
				MACOSX_DEPLOYMENT_TARGET = 10.10;
				MTL_ENABLE_DEBUG_INFO = YES;
				ONLY_ACTIVE_ARCH = YES;
				SDKROOT = macosx;
			};
			name = Debug;
		};
		B1A6CEE91A90DC630009C290 /* Release */ = {
			isa = XCBuildConfiguration;
			buildSettings = {
				ALWAYS_SEARCH_USER_PATHS = NO;
				CLANG_CXX_LANGUAGE_STANDARD = "c++0x";
				CLANG_CXX_LIBRARY = "libc++";
				CLANG_ENABLE_MODULES = YES;
				CLANG_ENABLE_OBJC_ARC = YES;
				CLANG_WARN_BOOL_CONVERSION = YES;
				CLANG_WARN_CONSTANT_CONVERSION = YES;
				CLANG_WARN_DIRECT_OBJC_ISA_USAGE = YES_ERROR;
				CLANG_WARN_EMPTY_BODY = YES;
				CLANG_WARN_ENUM_CONVERSION = YES;
				CLANG_WARN_INT_CONVERSION = YES;
				CLANG_WARN_OBJC_ROOT_CLASS = YES_ERROR;
				CLANG_WARN_UNREACHABLE_CODE = YES;
				CLANG_WARN__DUPLICATE_METHOD_MATCH = YES;
				COPY_PHASE_STRIP = YES;
				DEBUG_INFORMATION_FORMAT = "dwarf-with-dsym";
				ENABLE_NS_ASSERTIONS = NO;
				ENABLE_STRICT_OBJC_MSGSEND = YES;
				GCC_C_LANGUAGE_STANDARD = gnu99;
				GCC_WARN_64_TO_32_BIT_CONVERSION = YES;
				GCC_WARN_ABOUT_RETURN_TYPE = YES_ERROR;
				GCC_WARN_UNDECLARED_SELECTOR = YES;
				GCC_WARN_UNINITIALIZED_AUTOS = YES_AGGRESSIVE;
				GCC_WARN_UNUSED_FUNCTION = YES;
				GCC_WARN_UNUSED_VARIABLE = YES;
				MACOSX_DEPLOYMENT_TARGET = 10.10;
				MTL_ENABLE_DEBUG_INFO = NO;
				SDKROOT = macosx;
			};
			name = Release;
		};
/* End XCBuildConfiguration section */

/* Begin XCConfigurationList section */
		B163C0841A94B39600470EF6 /* Build configuration list for PBXNativeTarget "Solve Me Second" */ = {
			isa = XCConfigurationList;
			buildConfigurations = (
				B163C0851A94B39600470EF6 /* Debug */,
				B163C0861A94B39600470EF6 /* Release */,
			);
			defaultConfigurationIsVisible = 0;
		};
		B163C0901A94C63700470EF6 /* Build configuration list for PBXNativeTarget "Flipping Bits" */ = {
			isa = XCConfigurationList;
			buildConfigurations = (
				B163C0911A94C63700470EF6 /* Debug */,
				B163C0921A94C63700470EF6 /* Release */,
			);
			defaultConfigurationIsVisible = 0;
		};
		B163C09C1A94CF1B00470EF6 /* Build configuration list for PBXNativeTarget "Alternating Characters" */ = {
			isa = XCConfigurationList;
			buildConfigurations = (
				B163C09D1A94CF1B00470EF6 /* Debug */,
				B163C09E1A94CF1B00470EF6 /* Release */,
			);
			defaultConfigurationIsVisible = 0;
		};
		B16E63BC1A90E08D00E6BD6B /* Build configuration list for PBXNativeTarget "Solve Me First" */ = {
			isa = XCConfigurationList;
			buildConfigurations = (
				B16E63BD1A90E08D00E6BD6B /* Debug */,
				B16E63BE1A90E08D00E6BD6B /* Release */,
			);
			defaultConfigurationIsVisible = 0;
			defaultConfigurationName = Release;
		};
		B18462721A9272E000ECC205 /* Build configuration list for PBXNativeTarget "Lonely Integer" */ = {
			isa = XCConfigurationList;
			buildConfigurations = (
				B18462731A9272E000ECC205 /* Debug */,
				B18462741A9272E000ECC205 /* Release */,
			);
			defaultConfigurationIsVisible = 0;
			defaultConfigurationName = Release;
		};
		B1A6CEDE1A90DC630009C290 /* Build configuration list for PBXProject "HackerRankC++" */ = {
			isa = XCConfigurationList;
			buildConfigurations = (
				B1A6CEE81A90DC630009C290 /* Debug */,
				B1A6CEE91A90DC630009C290 /* Release */,
			);
			defaultConfigurationIsVisible = 0;
			defaultConfigurationName = Release;
		};
/* End XCConfigurationList section */
	};
	rootObject = B1A6CEDB1A90DC630009C290 /* Project object */;
}
